// !$*UTF8*$!
{
	archiveVersion = 1;
	classes = {
	};
	objectVersion = 56;
	objects = {

/* Begin PBXBuildFile section */
		78A0D9FB2BD24F9200AD5283 /* AppDelegate.swift in Sources */ = {isa = PBXBuildFile; fileRef = 78A0D9FA2BD24F9200AD5283 /* AppDelegate.swift */; };
		78A0D9FD2BD24F9200AD5283 /* SceneDelegate.swift in Sources */ = {isa = PBXBuildFile; fileRef = 78A0D9FC2BD24F9200AD5283 /* SceneDelegate.swift */; };
		78A0DA042BD24F9500AD5283 /* Assets.xcassets in Resources */ = {isa = PBXBuildFile; fileRef = 78A0DA032BD24F9500AD5283 /* Assets.xcassets */; };
		78A0DA072BD24F9500AD5283 /* LaunchScreen.storyboard in Resources */ = {isa = PBXBuildFile; fileRef = 78A0DA052BD24F9500AD5283 /* LaunchScreen.storyboard */; };
		78A0DA122BD2515A00AD5283 /* MagneticDetectionViewController.swift in Sources */ = {isa = PBXBuildFile; fileRef = 78A0DA112BD2515A00AD5283 /* MagneticDetectionViewController.swift */; };
		78A0DA142BD254DC00AD5283 /* AppColors.swift in Sources */ = {isa = PBXBuildFile; fileRef = 78A0DA132BD254DB00AD5283 /* AppColors.swift */; };
		78A0DABD2BD258BE00AD5283 /* UIColorExtension.swift in Sources */ = {isa = PBXBuildFile; fileRef = 78A0DABC2BD258BE00AD5283 /* UIColorExtension.swift */; };
		78A0DAC22BD4648F00AD5283 /* SnapKit in Frameworks */ = {isa = PBXBuildFile; productRef = 78A0DAC12BD4648F00AD5283 /* SnapKit */; };
		78A0DAC42BD4648F00AD5283 /* SnapKit-Dynamic in Frameworks */ = {isa = PBXBuildFile; productRef = 78A0DAC32BD4648F00AD5283 /* SnapKit-Dynamic */; };
		78A0DAC62BD5767D00AD5283 /* UIView+AnchorPoint.swift in Sources */ = {isa = PBXBuildFile; fileRef = 78A0DAC52BD5767D00AD5283 /* UIView+AnchorPoint.swift */; };
		78A0DACB2BD63E7A00AD5283 /* AppViewStyles.swift in Sources */ = {isa = PBXBuildFile; fileRef = 78A0DACA2BD63E7A00AD5283 /* AppViewStyles.swift */; };
		78A0DACD2BD64F5F00AD5283 /* Localizable.strings in Resources */ = {isa = PBXBuildFile; fileRef = 78A0DACC2BD64F5F00AD5283 /* Localizable.strings */; };
/* End PBXBuildFile section */

/* Begin PBXFileReference section */
		78A0D9F72BD24F9200AD5283 /* NetworkScan.app */ = {isa = PBXFileReference; explicitFileType = wrapper.application; includeInIndex = 0; path = NetworkScan.app; sourceTree = BUILT_PRODUCTS_DIR; };
		78A0D9FA2BD24F9200AD5283 /* AppDelegate.swift */ = {isa = PBXFileReference; lastKnownFileType = sourcecode.swift; path = AppDelegate.swift; sourceTree = "<group>"; };
		78A0D9FC2BD24F9200AD5283 /* SceneDelegate.swift */ = {isa = PBXFileReference; lastKnownFileType = sourcecode.swift; path = SceneDelegate.swift; sourceTree = "<group>"; };
		78A0DA032BD24F9500AD5283 /* Assets.xcassets */ = {isa = PBXFileReference; lastKnownFileType = folder.assetcatalog; path = Assets.xcassets; sourceTree = "<group>"; };
		78A0DA062BD24F9500AD5283 /* Base */ = {isa = PBXFileReference; lastKnownFileType = file.storyboard; name = Base; path = Base.lproj/LaunchScreen.storyboard; sourceTree = "<group>"; };
		78A0DA082BD24F9500AD5283 /* Info.plist */ = {isa = PBXFileReference; lastKnownFileType = text.plist.xml; path = Info.plist; sourceTree = "<group>"; };
		78A0DA112BD2515A00AD5283 /* MagneticDetectionViewController.swift */ = {isa = PBXFileReference; lastKnownFileType = sourcecode.swift; path = MagneticDetectionViewController.swift; sourceTree = "<group>"; };
		78A0DA132BD254DB00AD5283 /* AppColors.swift */ = {isa = PBXFileReference; lastKnownFileType = sourcecode.swift; path = AppColors.swift; sourceTree = "<group>"; };
		78A0DABC2BD258BE00AD5283 /* UIColorExtension.swift */ = {isa = PBXFileReference; lastKnownFileType = sourcecode.swift; path = UIColorExtension.swift; sourceTree = "<group>"; };
		78A0DAC52BD5767D00AD5283 /* UIView+AnchorPoint.swift */ = {isa = PBXFileReference; lastKnownFileType = sourcecode.swift; path = "UIView+AnchorPoint.swift"; sourceTree = "<group>"; };
		78A0DACA2BD63E7A00AD5283 /* AppViewStyles.swift */ = {isa = PBXFileReference; lastKnownFileType = sourcecode.swift; path = AppViewStyles.swift; sourceTree = "<group>"; };
		78A0DACC2BD64F5F00AD5283 /* Localizable.strings */ = {isa = PBXFileReference; lastKnownFileType = text.plist.strings; path = Localizable.strings; sourceTree = "<group>"; };
/* End PBXFileReference section */

/* Begin PBXFrameworksBuildPhase section */
		78A0D9F42BD24F9200AD5283 /* Frameworks */ = {
			isa = PBXFrameworksBuildPhase;
			buildActionMask = 2147483647;
			files = (
				78A0DAC22BD4648F00AD5283 /* SnapKit in Frameworks */,
				78A0DAC42BD4648F00AD5283 /* SnapKit-Dynamic in Frameworks */,
			);
			runOnlyForDeploymentPostprocessing = 0;
		};
/* End PBXFrameworksBuildPhase section */

/* Begin PBXGroup section */
		78A0D9EE2BD24F9200AD5283 = {
			isa = PBXGroup;
			children = (
				78A0D9F92BD24F9200AD5283 /* NetworkScan */,
				78A0D9F82BD24F9200AD5283 /* Products */,
			);
			sourceTree = "<group>";
		};
		78A0D9F82BD24F9200AD5283 /* Products */ = {
			isa = PBXGroup;
			children = (
				78A0D9F72BD24F9200AD5283 /* NetworkScan.app */,
			);
			name = Products;
			sourceTree = "<group>";
		};
		78A0D9F92BD24F9200AD5283 /* NetworkScan */ = {
			isa = PBXGroup;
			children = (
				78A0D9FA2BD24F9200AD5283 /* AppDelegate.swift */,
				78A0D9FC2BD24F9200AD5283 /* SceneDelegate.swift */,
				78A0DA052BD24F9500AD5283 /* LaunchScreen.storyboard */,
				78A0DA082BD24F9500AD5283 /* Info.plist */,
				78A0DABE2BD25AEF00AD5283 /* Helpers */,
				78A0DABB2BD2589400AD5283 /* Extensions */,
				78A0DA0E2BD24FE000AD5283 /* View */,
				78A0DABF2BD25B3E00AD5283 /* Resources */,
			);
			path = NetworkScan;
			sourceTree = "<group>";
		};
		78A0DA0E2BD24FE000AD5283 /* View */ = {
			isa = PBXGroup;
			children = (
				78A0DA112BD2515A00AD5283 /* MagneticDetectionViewController.swift */,
			);
			path = View;
			sourceTree = "<group>";
		};
		78A0DABB2BD2589400AD5283 /* Extensions */ = {
			isa = PBXGroup;
			children = (
				78A0DABC2BD258BE00AD5283 /* UIColorExtension.swift */,
				78A0DAC52BD5767D00AD5283 /* UIView+AnchorPoint.swift */,
			);
			path = Extensions;
			sourceTree = "<group>";
		};
		78A0DABE2BD25AEF00AD5283 /* Helpers */ = {
			isa = PBXGroup;
			children = (
				78A0DA132BD254DB00AD5283 /* AppColors.swift */,
				78A0DACA2BD63E7A00AD5283 /* AppViewStyles.swift */,
			);
			path = Helpers;
			sourceTree = "<group>";
		};
		78A0DABF2BD25B3E00AD5283 /* Resources */ = {
			isa = PBXGroup;
			children = (
				78A0DACE2BD64F7900AD5283 /* Strings */,
				78A0DA032BD24F9500AD5283 /* Assets.xcassets */,
			);
			path = Resources;
			sourceTree = "<group>";
		};
		78A0DACE2BD64F7900AD5283 /* Strings */ = {
			isa = PBXGroup;
			children = (
				78A0DACC2BD64F5F00AD5283 /* Localizable.strings */,
			);
			path = Strings;
			sourceTree = "<group>";
		};
/* End PBXGroup section */

/* Begin PBXNativeTarget section */
		78A0D9F62BD24F9200AD5283 /* NetworkScan */ = {
			isa = PBXNativeTarget;
			buildConfigurationList = 78A0DA0B2BD24F9500AD5283 /* Build configuration list for PBXNativeTarget "NetworkScan" */;
			buildPhases = (
				78A0D9F32BD24F9200AD5283 /* Sources */,
				78A0D9F42BD24F9200AD5283 /* Frameworks */,
				78A0D9F52BD24F9200AD5283 /* Resources */,
			);
			buildRules = (
			);
			dependencies = (
			);
			name = NetworkScan;
			packageProductDependencies = (
				78A0DAC12BD4648F00AD5283 /* SnapKit */,
				78A0DAC32BD4648F00AD5283 /* SnapKit-Dynamic */,
			);
			productName = NetworkScan;
			productReference = 78A0D9F72BD24F9200AD5283 /* NetworkScan.app */;
			productType = "com.apple.product-type.application";
		};
/* End PBXNativeTarget section */

/* Begin PBXProject section */
		78A0D9EF2BD24F9200AD5283 /* Project object */ = {
			isa = PBXProject;
			attributes = {
				BuildIndependentTargetsInParallel = 1;
				LastSwiftUpdateCheck = 1520;
				LastUpgradeCheck = 1520;
				TargetAttributes = {
					78A0D9F62BD24F9200AD5283 = {
						CreatedOnToolsVersion = 15.2;
					};
				};
			};
			buildConfigurationList = 78A0D9F22BD24F9200AD5283 /* Build configuration list for PBXProject "NetworkScan" */;
			compatibilityVersion = "Xcode 14.0";
			developmentRegion = en;
			hasScannedForEncodings = 0;
			knownRegions = (
				en,
				Base,
			);
			mainGroup = 78A0D9EE2BD24F9200AD5283;
			packageReferences = (
				78A0DAC02BD4648F00AD5283 /* XCRemoteSwiftPackageReference "SnapKit" */,
			);
			productRefGroup = 78A0D9F82BD24F9200AD5283 /* Products */;
			projectDirPath = "";
			projectRoot = "";
			targets = (
				78A0D9F62BD24F9200AD5283 /* NetworkScan */,
			);
		};
/* End PBXProject section */

/* Begin PBXResourcesBuildPhase section */
		78A0D9F52BD24F9200AD5283 /* Resources */ = {
			isa = PBXResourcesBuildPhase;
			buildActionMask = 2147483647;
			files = (
				78A0DA072BD24F9500AD5283 /* LaunchScreen.storyboard in Resources */,
				78A0DACD2BD64F5F00AD5283 /* Localizable.strings in Resources */,
				78A0DA042BD24F9500AD5283 /* Assets.xcassets in Resources */,
			);
			runOnlyForDeploymentPostprocessing = 0;
		};
/* End PBXResourcesBuildPhase section */

/* Begin PBXSourcesBuildPhase section */
		78A0D9F32BD24F9200AD5283 /* Sources */ = {
			isa = PBXSourcesBuildPhase;
			buildActionMask = 2147483647;
			files = (
				78A0DA142BD254DC00AD5283 /* AppColors.swift in Sources */,
				78A0DACB2BD63E7A00AD5283 /* AppViewStyles.swift in Sources */,
				78A0D9FB2BD24F9200AD5283 /* AppDelegate.swift in Sources */,
				78A0DA122BD2515A00AD5283 /* MagneticDetectionViewController.swift in Sources */,
				78A0D9FD2BD24F9200AD5283 /* SceneDelegate.swift in Sources */,
				78A0DAC62BD5767D00AD5283 /* UIView+AnchorPoint.swift in Sources */,
				78A0DABD2BD258BE00AD5283 /* UIColorExtension.swift in Sources */,
			);
			runOnlyForDeploymentPostprocessing = 0;
		};
/* End PBXSourcesBuildPhase section */

/* Begin PBXVariantGroup section */
		78A0DA052BD24F9500AD5283 /* LaunchScreen.storyboard */ = {
			isa = PBXVariantGroup;
			children = (
				78A0DA062BD24F9500AD5283 /* Base */,
			);
			name = LaunchScreen.storyboard;
			sourceTree = "<group>";
		};
/* End PBXVariantGroup section */

/* Begin XCBuildConfiguration section */
		78A0DA092BD24F9500AD5283 /* Debug */ = {
			isa = XCBuildConfiguration;
			buildSettings = {
				ALWAYS_SEARCH_USER_PATHS = NO;
				ASSETCATALOG_COMPILER_GENERATE_SWIFT_ASSET_SYMBOL_EXTENSIONS = YES;
				CLANG_ANALYZER_NONNULL = YES;
				CLANG_ANALYZER_NUMBER_OBJECT_CONVERSION = YES_AGGRESSIVE;
				CLANG_CXX_LANGUAGE_STANDARD = "gnu++20";
				CLANG_ENABLE_MODULES = YES;
				CLANG_ENABLE_OBJC_ARC = YES;
				CLANG_ENABLE_OBJC_WEAK = YES;
				CLANG_WARN_BLOCK_CAPTURE_AUTORELEASING = YES;
				CLANG_WARN_BOOL_CONVERSION = YES;
				CLANG_WARN_COMMA = YES;
				CLANG_WARN_CONSTANT_CONVERSION = YES;
				CLANG_WARN_DEPRECATED_OBJC_IMPLEMENTATIONS = YES;
				CLANG_WARN_DIRECT_OBJC_ISA_USAGE = YES_ERROR;
				CLANG_WARN_DOCUMENTATION_COMMENTS = YES;
				CLANG_WARN_EMPTY_BODY = YES;
				CLANG_WARN_ENUM_CONVERSION = YES;
				CLANG_WARN_INFINITE_RECURSION = YES;
				CLANG_WARN_INT_CONVERSION = YES;
				CLANG_WARN_NON_LITERAL_NULL_CONVERSION = YES;
				CLANG_WARN_OBJC_IMPLICIT_RETAIN_SELF = YES;
				CLANG_WARN_OBJC_LITERAL_CONVERSION = YES;
				CLANG_WARN_OBJC_ROOT_CLASS = YES_ERROR;
				CLANG_WARN_QUOTED_INCLUDE_IN_FRAMEWORK_HEADER = YES;
				CLANG_WARN_RANGE_LOOP_ANALYSIS = YES;
				CLANG_WARN_STRICT_PROTOTYPES = YES;
				CLANG_WARN_SUSPICIOUS_MOVE = YES;
				CLANG_WARN_UNGUARDED_AVAILABILITY = YES_AGGRESSIVE;
				CLANG_WARN_UNREACHABLE_CODE = YES;
				CLANG_WARN__DUPLICATE_METHOD_MATCH = YES;
				COPY_PHASE_STRIP = NO;
				DEBUG_INFORMATION_FORMAT = dwarf;
				ENABLE_STRICT_OBJC_MSGSEND = YES;
				ENABLE_TESTABILITY = YES;
				ENABLE_USER_SCRIPT_SANDBOXING = YES;
				GCC_C_LANGUAGE_STANDARD = gnu17;
				GCC_DYNAMIC_NO_PIC = NO;
				GCC_NO_COMMON_BLOCKS = YES;
				GCC_OPTIMIZATION_LEVEL = 0;
				GCC_PREPROCESSOR_DEFINITIONS = (
					"DEBUG=1",
					"$(inherited)",
				);
				GCC_WARN_64_TO_32_BIT_CONVERSION = YES;
				GCC_WARN_ABOUT_RETURN_TYPE = YES_ERROR;
				GCC_WARN_UNDECLARED_SELECTOR = YES;
				GCC_WARN_UNINITIALIZED_AUTOS = YES_AGGRESSIVE;
				GCC_WARN_UNUSED_FUNCTION = YES;
				GCC_WARN_UNUSED_VARIABLE = YES;
				IPHONEOS_DEPLOYMENT_TARGET = 17.2;
				LOCALIZATION_PREFERS_STRING_CATALOGS = YES;
				MTL_ENABLE_DEBUG_INFO = INCLUDE_SOURCE;
				MTL_FAST_MATH = YES;
				ONLY_ACTIVE_ARCH = YES;
				SDKROOT = iphoneos;
				SWIFT_ACTIVE_COMPILATION_CONDITIONS = "DEBUG $(inherited)";
				SWIFT_OPTIMIZATION_LEVEL = "-Onone";
			};
			name = Debug;
		};
		78A0DA0A2BD24F9500AD5283 /* Release */ = {
			isa = XCBuildConfiguration;
			buildSettings = {
				ALWAYS_SEARCH_USER_PATHS = NO;
				ASSETCATALOG_COMPILER_GENERATE_SWIFT_ASSET_SYMBOL_EXTENSIONS = YES;
				CLANG_ANALYZER_NONNULL = YES;
				CLANG_ANALYZER_NUMBER_OBJECT_CONVERSION = YES_AGGRESSIVE;
				CLANG_CXX_LANGUAGE_STANDARD = "gnu++20";
				CLANG_ENABLE_MODULES = YES;
				CLANG_ENABLE_OBJC_ARC = YES;
				CLANG_ENABLE_OBJC_WEAK = YES;
				CLANG_WARN_BLOCK_CAPTURE_AUTORELEASING = YES;
				CLANG_WARN_BOOL_CONVERSION = YES;
				CLANG_WARN_COMMA = YES;
				CLANG_WARN_CONSTANT_CONVERSION = YES;
				CLANG_WARN_DEPRECATED_OBJC_IMPLEMENTATIONS = YES;
				CLANG_WARN_DIRECT_OBJC_ISA_USAGE = YES_ERROR;
				CLANG_WARN_DOCUMENTATION_COMMENTS = YES;
				CLANG_WARN_EMPTY_BODY = YES;
				CLANG_WARN_ENUM_CONVERSION = YES;
				CLANG_WARN_INFINITE_RECURSION = YES;
				CLANG_WARN_INT_CONVERSION = YES;
				CLANG_WARN_NON_LITERAL_NULL_CONVERSION = YES;
				CLANG_WARN_OBJC_IMPLICIT_RETAIN_SELF = YES;
				CLANG_WARN_OBJC_LITERAL_CONVERSION = YES;
				CLANG_WARN_OBJC_ROOT_CLASS = YES_ERROR;
				CLANG_WARN_QUOTED_INCLUDE_IN_FRAMEWORK_HEADER = YES;
				CLANG_WARN_RANGE_LOOP_ANALYSIS = YES;
				CLANG_WARN_STRICT_PROTOTYPES = YES;
				CLANG_WARN_SUSPICIOUS_MOVE = YES;
				CLANG_WARN_UNGUARDED_AVAILABILITY = YES_AGGRESSIVE;
				CLANG_WARN_UNREACHABLE_CODE = YES;
				CLANG_WARN__DUPLICATE_METHOD_MATCH = YES;
				COPY_PHASE_STRIP = NO;
				DEBUG_INFORMATION_FORMAT = "dwarf-with-dsym";
				ENABLE_NS_ASSERTIONS = NO;
				ENABLE_STRICT_OBJC_MSGSEND = YES;
				ENABLE_USER_SCRIPT_SANDBOXING = YES;
				GCC_C_LANGUAGE_STANDARD = gnu17;
				GCC_NO_COMMON_BLOCKS = YES;
				GCC_WARN_64_TO_32_BIT_CONVERSION = YES;
				GCC_WARN_ABOUT_RETURN_TYPE = YES_ERROR;
				GCC_WARN_UNDECLARED_SELECTOR = YES;
				GCC_WARN_UNINITIALIZED_AUTOS = YES_AGGRESSIVE;
				GCC_WARN_UNUSED_FUNCTION = YES;
				GCC_WARN_UNUSED_VARIABLE = YES;
				IPHONEOS_DEPLOYMENT_TARGET = 17.2;
				LOCALIZATION_PREFERS_STRING_CATALOGS = YES;
				MTL_ENABLE_DEBUG_INFO = NO;
				MTL_FAST_MATH = YES;
				SDKROOT = iphoneos;
				SWIFT_COMPILATION_MODE = wholemodule;
				VALIDATE_PRODUCT = YES;
			};
			name = Release;
		};
		78A0DA0C2BD24F9500AD5283 /* Debug */ = {
			isa = XCBuildConfiguration;
			buildSettings = {
				ASSETCATALOG_COMPILER_APPICON_NAME = AppIcon;
				ASSETCATALOG_COMPILER_GLOBAL_ACCENT_COLOR_NAME = AccentColor;
				CODE_SIGN_STYLE = Automatic;
				CURRENT_PROJECT_VERSION = 1;
				DEVELOPMENT_TEAM = 42K9SSGS3C;
				GENERATE_INFOPLIST_FILE = YES;
				INFOPLIST_FILE = NetworkScan/Info.plist;
				INFOPLIST_KEY_UIApplicationSupportsIndirectInputEvents = YES;
				INFOPLIST_KEY_UILaunchStoryboardName = LaunchScreen;
				INFOPLIST_KEY_UISupportedInterfaceOrientations = UIInterfaceOrientationPortrait;
				INFOPLIST_KEY_UISupportedInterfaceOrientations_iPad = "UIInterfaceOrientationLandscapeLeft UIInterfaceOrientationLandscapeRight UIInterfaceOrientationPortrait UIInterfaceOrientationPortraitUpsideDown";
				IPHONEOS_DEPLOYMENT_TARGET = 15.0;
				LD_RUNPATH_SEARCH_PATHS = (
					"$(inherited)",
					"@executable_path/Frameworks",
				);
				MARKETING_VERSION = 1.0;
				PRODUCT_BUNDLE_IDENTIFIER = ua.com.VolodymyrTretiak.NetworkScan;
				PRODUCT_NAME = "$(TARGET_NAME)";
				SWIFT_EMIT_LOC_STRINGS = YES;
				SWIFT_VERSION = 5.0;
				TARGETED_DEVICE_FAMILY = "1,2";
			};
			name = Debug;
		};
		78A0DA0D2BD24F9500AD5283 /* Release */ = {
			isa = XCBuildConfiguration;
			buildSettings = {
				ASSETCATALOG_COMPILER_APPICON_NAME = AppIcon;
				ASSETCATALOG_COMPILER_GLOBAL_ACCENT_COLOR_NAME = AccentColor;
				CODE_SIGN_STYLE = Automatic;
				CURRENT_PROJECT_VERSION = 1;
				DEVELOPMENT_TEAM = 42K9SSGS3C;
				GENERATE_INFOPLIST_FILE = YES;
				INFOPLIST_FILE = NetworkScan/Info.plist;
				INFOPLIST_KEY_UIApplicationSupportsIndirectInputEvents = YES;
				INFOPLIST_KEY_UILaunchStoryboardName = LaunchScreen;
				INFOPLIST_KEY_UISupportedInterfaceOrientations = UIInterfaceOrientationPortrait;
				INFOPLIST_KEY_UISupportedInterfaceOrientations_iPad = "UIInterfaceOrientationLandscapeLeft UIInterfaceOrientationLandscapeRight UIInterfaceOrientationPortrait UIInterfaceOrientationPortraitUpsideDown";
				IPHONEOS_DEPLOYMENT_TARGET = 15.0;
				LD_RUNPATH_SEARCH_PATHS = (
					"$(inherited)",
					"@executable_path/Frameworks",
				);
				MARKETING_VERSION = 1.0;
				PRODUCT_BUNDLE_IDENTIFIER = ua.com.VolodymyrTretiak.NetworkScan;
				PRODUCT_NAME = "$(TARGET_NAME)";
				SWIFT_EMIT_LOC_STRINGS = YES;
				SWIFT_VERSION = 5.0;
				TARGETED_DEVICE_FAMILY = "1,2";
			};
			name = Release;
		};
/* End XCBuildConfiguration section */

/* Begin XCConfigurationList section */
		78A0D9F22BD24F9200AD5283 /* Build configuration list for PBXProject "NetworkScan" */ = {
			isa = XCConfigurationList;
			buildConfigurations = (
				78A0DA092BD24F9500AD5283 /* Debug */,
				78A0DA0A2BD24F9500AD5283 /* Release */,
			);
			defaultConfigurationIsVisible = 0;
			defaultConfigurationName = Release;
		};
		78A0DA0B2BD24F9500AD5283 /* Build configuration list for PBXNativeTarget "NetworkScan" */ = {
			isa = XCConfigurationList;
			buildConfigurations = (
				78A0DA0C2BD24F9500AD5283 /* Debug */,
				78A0DA0D2BD24F9500AD5283 /* Release */,
			);
			defaultConfigurationIsVisible = 0;
			defaultConfigurationName = Release;
		};
/* End XCConfigurationList section */

/* Begin XCRemoteSwiftPackageReference section */
		78A0DAC02BD4648F00AD5283 /* XCRemoteSwiftPackageReference "SnapKit" */ = {
			isa = XCRemoteSwiftPackageReference;
			repositoryURL = "https://github.com/SnapKit/SnapKit";
			requirement = {
				kind = upToNextMajorVersion;
				minimumVersion = 5.7.1;
			};
		};
/* End XCRemoteSwiftPackageReference section */

/* Begin XCSwiftPackageProductDependency section */
		78A0DAC12BD4648F00AD5283 /* SnapKit */ = {
			isa = XCSwiftPackageProductDependency;
			package = 78A0DAC02BD4648F00AD5283 /* XCRemoteSwiftPackageReference "SnapKit" */;
			productName = SnapKit;
		};
		78A0DAC32BD4648F00AD5283 /* SnapKit-Dynamic */ = {
			isa = XCSwiftPackageProductDependency;
			package = 78A0DAC02BD4648F00AD5283 /* XCRemoteSwiftPackageReference "SnapKit" */;
			productName = "SnapKit-Dynamic";
		};
/* End XCSwiftPackageProductDependency section */
	};
	rootObject = 78A0D9EF2BD24F9200AD5283 /* Project object */;
}
